
Microsoft Visual Studio Solution File, Format Version 12.00
# Visual Studio Version 17
VisualStudioVersion = 17.14.36429.23 d17.14
MinimumVisualStudioVersion = 10.0.40219.1
Project("{FAE04EC0-301F-11D3-BF4B-00C04F79EFBC}") = "week2", "week2\week2.csproj", "{5D008BFF-FF7F-4754-83E2-36AD46545D68}"
EndProject
Global
	GlobalSection(SolutionConfigurationPlatforms) = preSolution
		Debug|Any CPU = Debug|Any CPU
		Release|Any CPU = Release|Any CPU
	EndGlobalSection
	GlobalSection(ProjectConfigurationPlatforms) = postSolution
		{5D008BFF-FF7F-4754-83E2-36AD46545D68}.Debug|Any CPU.ActiveCfg = Debug|Any CPU
		{5D008BFF-FF7F-4754-83E2-36AD46545D68}.Debug|Any CPU.Build.0 = Debug|Any CPU
		{5D008BFF-FF7F-4754-83E2-36AD46545D68}.Release|Any CPU.ActiveCfg = Release|Any CPU
		{5D008BFF-FF7F-4754-83E2-36AD46545D68}.Release|Any CPU.Build.0 = Release|Any CPU
	EndGlobalSection
	GlobalSection(SolutionProperties) = preSolution
		HideSolutionNode = FALSE
	EndGlobalSection
	GlobalSection(ExtensibilityGlobals) = postSolution
		SolutionGuid = {FD561761-F357-4309-ABF7-58FABDFC5F86}
	EndGlobalSection
EndGlobal
