
Microsoft Visual Studio Solution File, Format Version 12.00
# Visual Studio Version 17
VisualStudioVersion = 17.14.36511.14 d17.14
MinimumVisualStudioVersion = 10.0.40219.1
Project("{FAE04EC0-301F-11D3-BF4B-00C04F79EFBC}") = "week3", "week3\week3.csproj", "{97EFE570-FBEC-4792-8C5B-E522A12B8765}"
EndProject
Global
	GlobalSection(SolutionConfigurationPlatforms) = preSolution
		Debug|Any CPU = Debug|Any CPU
		Release|Any CPU = Release|Any CPU
	EndGlobalSection
	GlobalSection(ProjectConfigurationPlatforms) = postSolution
		{97EFE570-FBEC-4792-8C5B-E522A12B8765}.Debug|Any CPU.ActiveCfg = Debug|Any CPU
		{97EFE570-FBEC-4792-8C5B-E522A12B8765}.Debug|Any CPU.Build.0 = Debug|Any CPU
		{97EFE570-FBEC-4792-8C5B-E522A12B8765}.Release|Any CPU.ActiveCfg = Release|Any CPU
		{97EFE570-FBEC-4792-8C5B-E522A12B8765}.Release|Any CPU.Build.0 = Release|Any CPU
	EndGlobalSection
	GlobalSection(SolutionProperties) = preSolution
		HideSolutionNode = FALSE
	EndGlobalSection
	GlobalSection(ExtensibilityGlobals) = postSolution
		SolutionGuid = {FA952089-9162-4545-9F69-634B3E717991}
	EndGlobalSection
EndGlobal
